dependencies:
- name: mongodb
  repository: https://kubernetes-charts.storage.googleapis.com/
  version: 7.8.6
- name: mongo-express
  repository: https://cowboysysop.github.io/charts/
  version: 1.0.1
- name: redis
  repository: https://charts.bitnami.com/bitnami/
  version: 10.5.14
digest: sha256:ce1d452b7b1f89b308770f0e2e4731384e05dc4c42cb4a6cf6d0ee34de70fe2f
generated: "2020-04-03T18:54:56.110713-04:00"
